# This file is autogenerated, do not edit; changes may be undone by the next 'dep ensure'.


[[projects]]
  name = "github.com/Sirupsen/logrus"
  packages = ["."]
  revision = "f006c2ac4710855cf0f916dd6b77acf6b048dc6e"
  version = "v1.0.3"

[[projects]]
  name = "github.com/davecgh/go-spew"
  packages = ["spew"]
  revision = "346938d642f2ec3594ed81d874461961cd0faa76"
  version = "v1.1.0"

[[projects]]
  branch = "master"
  name = "github.com/golang/freetype"
  packages = ["raster","truetype"]
  revision = "e2365dfdc4a05e4b8299a783240d4a7d5a65d4e4"

[[projects]]
  branch = "master"
  name = "github.com/llgcode/draw2d"
  packages = ["."]
  revision = "dcbfbe505d35de8166ccfc47ff9e4bb020473e18"

[[projects]]
  branch = "master"
  name = "golang.org/x/crypto"
  packages = ["ssh/terminal"]
  revision = "9f005a07e0d31d45e6656d241bb5c0f2efd4bc94"

[[projects]]
  branch = "master"
  name = "golang.org/x/image"
  packages = ["font","math/fixed"]
  revision = "f7e31b4ea2e3413ab91b4e7d2dc83e5f8d19a44c"

[[projects]]
  branch = "master"
  name = "golang.org/x/sys"
  packages = ["unix","windows"]
  revision = "bf42f188b9bc6f2cf5b8ee5a912ef1aedd0eba4c"

[solve-meta]
  analyzer-name = "dep"
  analyzer-version = 1
  inputs-digest = "29afbff94aaccadc8f6f98c4948f00e5e95866d4dd87eb8efe551983686899fa"
  solver-name = "gps-cdcl"
  solver-version = 1
